
Microsoft Visual Studio Solution File, Format Version 12.00
# Visual Studio Version 16
VisualStudioVersion = 16.0.31105.61
MinimumVisualStudioVersion = 15.0.26124.0
Project("{2150E333-8FDC-42A3-9474-1A3956D46DE8}") = "src", "src", "{E3E9A99C-C12A-4E84-8AFA-2201DF8ECCB9}"
EndProject
Project("{9A19103F-16F7-4668-BE54-9A1E7A4F7556}") = "StackUnderflow.Core", "src\StackUnderflow.Core\StackUnderflow.Core.csproj", "{7796C74D-7237-4023-9BCA-D10FC3142042}"
EndProject
Project("{2150E333-8FDC-42A3-9474-1A3956D46DE8}") = "tests", "tests", "{4DE063CC-C6BE-4030-BAA3-087857342230}"
EndProject
Project("{9A19103F-16F7-4668-BE54-9A1E7A4F7556}") = "StackUnderflow.Core.Tests", "tests\StackUnderflow.Core.Tests\StackUnderflow.Core.Tests.csproj", "{A100A694-21C0-464C-A11F-6F65374B425A}"
EndProject
Project("{9A19103F-16F7-4668-BE54-9A1E7A4F7556}") = "StackUnderflow.Common", "src\StackUnderflow.Common\StackUnderflow.Common.csproj", "{88FD275C-6D4A-46A7-B766-EF28C9D3C561}"
EndProject
Project("{9A19103F-16F7-4668-BE54-9A1E7A4F7556}") = "StackUnderflow.Data", "src\StackUnderflow.Data\StackUnderflow.Data.csproj", "{1DF3FD6B-1D09-4678-A870-2815B7292D6D}"
EndProject
Project("{9A19103F-16F7-4668-BE54-9A1E7A4F7556}") = "StackUnderflow.Api", "src\StackUnderflow.Api\StackUnderflow.Api.csproj", "{274DBAF4-FD4E-407E-B2BD-73A8E814EFD6}"
EndProject
Project("{9A19103F-16F7-4668-BE54-9A1E7A4F7556}") = "StackUnderflow.Identity", "src\StackUnderflow.Identity\StackUnderflow.Identity.csproj", "{A03C608A-441F-4019-95D5-0D4B9AC85861}"
EndProject
Project("{E53339B2-1760-4266-BCC7-CA923CBCF16C}") = "docker-compose", "docker-compose.dcproj", "{721B7C9A-330E-4F59-B3EB-66CBA821AC2D}"
EndProject
Project("{2150E333-8FDC-42A3-9474-1A3956D46DE8}") = "nginx", "nginx", "{BEFF195B-BE7D-4D99-BE6A-B7A41F848CA2}"
	ProjectSection(SolutionItems) = preProject
		nginx\nginx.Dockerfile = nginx\nginx.Dockerfile
		nginx\nginx.local.conf = nginx\nginx.local.conf
	EndProjectSection
EndProject
Project("{FAE04EC0-301F-11D3-BF4B-00C04F79EFBC}") = "StackUnderflow.Migrations", "src\StackUnderflow.Migrations\StackUnderflow.Migrations.csproj", "{0289D9FE-5475-4A12-9885-BBAC85D721DB}"
EndProject
Global
	GlobalSection(SolutionConfigurationPlatforms) = preSolution
		Debug|Any CPU = Debug|Any CPU
		Debug|x64 = Debug|x64
		Debug|x86 = Debug|x86
		Release|Any CPU = Release|Any CPU
		Release|x64 = Release|x64
		Release|x86 = Release|x86
	EndGlobalSection
	GlobalSection(ProjectConfigurationPlatforms) = postSolution
		{7796C74D-7237-4023-9BCA-D10FC3142042}.Debug|Any CPU.ActiveCfg = Debug|Any CPU
		{7796C74D-7237-4023-9BCA-D10FC3142042}.Debug|Any CPU.Build.0 = Debug|Any CPU
		{7796C74D-7237-4023-9BCA-D10FC3142042}.Debug|x64.ActiveCfg = Debug|Any CPU
		{7796C74D-7237-4023-9BCA-D10FC3142042}.Debug|x64.Build.0 = Debug|Any CPU
		{7796C74D-7237-4023-9BCA-D10FC3142042}.Debug|x86.ActiveCfg = Debug|Any CPU
		{7796C74D-7237-4023-9BCA-D10FC3142042}.Debug|x86.Build.0 = Debug|Any CPU
		{7796C74D-7237-4023-9BCA-D10FC3142042}.Release|Any CPU.ActiveCfg = Release|Any CPU
		{7796C74D-7237-4023-9BCA-D10FC3142042}.Release|Any CPU.Build.0 = Release|Any CPU
		{7796C74D-7237-4023-9BCA-D10FC3142042}.Release|x64.ActiveCfg = Release|Any CPU
		{7796C74D-7237-4023-9BCA-D10FC3142042}.Release|x64.Build.0 = Release|Any CPU
		{7796C74D-7237-4023-9BCA-D10FC3142042}.Release|x86.ActiveCfg = Release|Any CPU
		{7796C74D-7237-4023-9BCA-D10FC3142042}.Release|x86.Build.0 = Release|Any CPU
		{A100A694-21C0-464C-A11F-6F65374B425A}.Debug|Any CPU.ActiveCfg = Debug|Any CPU
		{A100A694-21C0-464C-A11F-6F65374B425A}.Debug|Any CPU.Build.0 = Debug|Any CPU
		{A100A694-21C0-464C-A11F-6F65374B425A}.Debug|x64.ActiveCfg = Debug|Any CPU
		{A100A694-21C0-464C-A11F-6F65374B425A}.Debug|x64.Build.0 = Debug|Any CPU
		{A100A694-21C0-464C-A11F-6F65374B425A}.Debug|x86.ActiveCfg = Debug|Any CPU
		{A100A694-21C0-464C-A11F-6F65374B425A}.Debug|x86.Build.0 = Debug|Any CPU
		{A100A694-21C0-464C-A11F-6F65374B425A}.Release|Any CPU.ActiveCfg = Release|Any CPU
		{A100A694-21C0-464C-A11F-6F65374B425A}.Release|Any CPU.Build.0 = Release|Any CPU
		{A100A694-21C0-464C-A11F-6F65374B425A}.Release|x64.ActiveCfg = Release|Any CPU
		{A100A694-21C0-464C-A11F-6F65374B425A}.Release|x64.Build.0 = Release|Any CPU
		{A100A694-21C0-464C-A11F-6F65374B425A}.Release|x86.ActiveCfg = Release|Any CPU
		{A100A694-21C0-464C-A11F-6F65374B425A}.Release|x86.Build.0 = Release|Any CPU
		{88FD275C-6D4A-46A7-B766-EF28C9D3C561}.Debug|Any CPU.ActiveCfg = Debug|Any CPU
		{88FD275C-6D4A-46A7-B766-EF28C9D3C561}.Debug|Any CPU.Build.0 = Debug|Any CPU
		{88FD275C-6D4A-46A7-B766-EF28C9D3C561}.Debug|x64.ActiveCfg = Debug|Any CPU
		{88FD275C-6D4A-46A7-B766-EF28C9D3C561}.Debug|x64.Build.0 = Debug|Any CPU
		{88FD275C-6D4A-46A7-B766-EF28C9D3C561}.Debug|x86.ActiveCfg = Debug|Any CPU
		{88FD275C-6D4A-46A7-B766-EF28C9D3C561}.Debug|x86.Build.0 = Debug|Any CPU
		{88FD275C-6D4A-46A7-B766-EF28C9D3C561}.Release|Any CPU.ActiveCfg = Release|Any CPU
		{88FD275C-6D4A-46A7-B766-EF28C9D3C561}.Release|Any CPU.Build.0 = Release|Any CPU
		{88FD275C-6D4A-46A7-B766-EF28C9D3C561}.Release|x64.ActiveCfg = Release|Any CPU
		{88FD275C-6D4A-46A7-B766-EF28C9D3C561}.Release|x64.Build.0 = Release|Any CPU
		{88FD275C-6D4A-46A7-B766-EF28C9D3C561}.Release|x86.ActiveCfg = Release|Any CPU
		{88FD275C-6D4A-46A7-B766-EF28C9D3C561}.Release|x86.Build.0 = Release|Any CPU
		{1DF3FD6B-1D09-4678-A870-2815B7292D6D}.Debug|Any CPU.ActiveCfg = Debug|Any CPU
		{1DF3FD6B-1D09-4678-A870-2815B7292D6D}.Debug|Any CPU.Build.0 = Debug|Any CPU
		{1DF3FD6B-1D09-4678-A870-2815B7292D6D}.Debug|x64.ActiveCfg = Debug|Any CPU
		{1DF3FD6B-1D09-4678-A870-2815B7292D6D}.Debug|x64.Build.0 = Debug|Any CPU
		{1DF3FD6B-1D09-4678-A870-2815B7292D6D}.Debug|x86.ActiveCfg = Debug|Any CPU
		{1DF3FD6B-1D09-4678-A870-2815B7292D6D}.Debug|x86.Build.0 = Debug|Any CPU
		{1DF3FD6B-1D09-4678-A870-2815B7292D6D}.Release|Any CPU.ActiveCfg = Release|Any CPU
		{1DF3FD6B-1D09-4678-A870-2815B7292D6D}.Release|Any CPU.Build.0 = Release|Any CPU
		{1DF3FD6B-1D09-4678-A870-2815B7292D6D}.Release|x64.ActiveCfg = Release|Any CPU
		{1DF3FD6B-1D09-4678-A870-2815B7292D6D}.Release|x64.Build.0 = Release|Any CPU
		{1DF3FD6B-1D09-4678-A870-2815B7292D6D}.Release|x86.ActiveCfg = Release|Any CPU
		{1DF3FD6B-1D09-4678-A870-2815B7292D6D}.Release|x86.Build.0 = Release|Any CPU
		{274DBAF4-FD4E-407E-B2BD-73A8E814EFD6}.Debug|Any CPU.ActiveCfg = Debug|Any CPU
		{274DBAF4-FD4E-407E-B2BD-73A8E814EFD6}.Debug|Any CPU.Build.0 = Debug|Any CPU
		{274DBAF4-FD4E-407E-B2BD-73A8E814EFD6}.Debug|x64.ActiveCfg = Debug|Any CPU
		{274DBAF4-FD4E-407E-B2BD-73A8E814EFD6}.Debug|x64.Build.0 = Debug|Any CPU
		{274DBAF4-FD4E-407E-B2BD-73A8E814EFD6}.Debug|x86.ActiveCfg = Debug|Any CPU
		{274DBAF4-FD4E-407E-B2BD-73A8E814EFD6}.Debug|x86.Build.0 = Debug|Any CPU
		{274DBAF4-FD4E-407E-B2BD-73A8E814EFD6}.Release|Any CPU.ActiveCfg = Release|Any CPU
		{274DBAF4-FD4E-407E-B2BD-73A8E814EFD6}.Release|Any CPU.Build.0 = Release|Any CPU
		{274DBAF4-FD4E-407E-B2BD-73A8E814EFD6}.Release|x64.ActiveCfg = Release|Any CPU
		{274DBAF4-FD4E-407E-B2BD-73A8E814EFD6}.Release|x64.Build.0 = Release|Any CPU
		{274DBAF4-FD4E-407E-B2BD-73A8E814EFD6}.Release|x86.ActiveCfg = Release|Any CPU
		{274DBAF4-FD4E-407E-B2BD-73A8E814EFD6}.Release|x86.Build.0 = Release|Any CPU
		{A03C608A-441F-4019-95D5-0D4B9AC85861}.Debug|Any CPU.ActiveCfg = Debug|Any CPU
		{A03C608A-441F-4019-95D5-0D4B9AC85861}.Debug|Any CPU.Build.0 = Debug|Any CPU
		{A03C608A-441F-4019-95D5-0D4B9AC85861}.Debug|x64.ActiveCfg = Debug|Any CPU
		{A03C608A-441F-4019-95D5-0D4B9AC85861}.Debug|x64.Build.0 = Debug|Any CPU
		{A03C608A-441F-4019-95D5-0D4B9AC85861}.Debug|x86.ActiveCfg = Debug|Any CPU
		{A03C608A-441F-4019-95D5-0D4B9AC85861}.Debug|x86.Build.0 = Debug|Any CPU
		{A03C608A-441F-4019-95D5-0D4B9AC85861}.Release|Any CPU.ActiveCfg = Release|Any CPU
		{A03C608A-441F-4019-95D5-0D4B9AC85861}.Release|Any CPU.Build.0 = Release|Any CPU
		{A03C608A-441F-4019-95D5-0D4B9AC85861}.Release|x64.ActiveCfg = Release|Any CPU
		{A03C608A-441F-4019-95D5-0D4B9AC85861}.Release|x64.Build.0 = Release|Any CPU
		{A03C608A-441F-4019-95D5-0D4B9AC85861}.Release|x86.ActiveCfg = Release|Any CPU
		{A03C608A-441F-4019-95D5-0D4B9AC85861}.Release|x86.Build.0 = Release|Any CPU
		{721B7C9A-330E-4F59-B3EB-66CBA821AC2D}.Debug|Any CPU.ActiveCfg = Debug|Any CPU
		{721B7C9A-330E-4F59-B3EB-66CBA821AC2D}.Debug|Any CPU.Build.0 = Debug|Any CPU
		{721B7C9A-330E-4F59-B3EB-66CBA821AC2D}.Debug|x64.ActiveCfg = Debug|Any CPU
		{721B7C9A-330E-4F59-B3EB-66CBA821AC2D}.Debug|x64.Build.0 = Debug|Any CPU
		{721B7C9A-330E-4F59-B3EB-66CBA821AC2D}.Debug|x86.ActiveCfg = Debug|Any CPU
		{721B7C9A-330E-4F59-B3EB-66CBA821AC2D}.Debug|x86.Build.0 = Debug|Any CPU
		{721B7C9A-330E-4F59-B3EB-66CBA821AC2D}.Release|Any CPU.ActiveCfg = Release|Any CPU
		{721B7C9A-330E-4F59-B3EB-66CBA821AC2D}.Release|Any CPU.Build.0 = Release|Any CPU
		{721B7C9A-330E-4F59-B3EB-66CBA821AC2D}.Release|x64.ActiveCfg = Release|Any CPU
		{721B7C9A-330E-4F59-B3EB-66CBA821AC2D}.Release|x64.Build.0 = Release|Any CPU
		{721B7C9A-330E-4F59-B3EB-66CBA821AC2D}.Release|x86.ActiveCfg = Release|Any CPU
		{721B7C9A-330E-4F59-B3EB-66CBA821AC2D}.Release|x86.Build.0 = Release|Any CPU
		{0289D9FE-5475-4A12-9885-BBAC85D721DB}.Debug|Any CPU.ActiveCfg = Debug|Any CPU
		{0289D9FE-5475-4A12-9885-BBAC85D721DB}.Debug|Any CPU.Build.0 = Debug|Any CPU
		{0289D9FE-5475-4A12-9885-BBAC85D721DB}.Debug|x64.ActiveCfg = Debug|Any CPU
		{0289D9FE-5475-4A12-9885-BBAC85D721DB}.Debug|x64.Build.0 = Debug|Any CPU
		{0289D9FE-5475-4A12-9885-BBAC85D721DB}.Debug|x86.ActiveCfg = Debug|Any CPU
		{0289D9FE-5475-4A12-9885-BBAC85D721DB}.Debug|x86.Build.0 = Debug|Any CPU
		{0289D9FE-5475-4A12-9885-BBAC85D721DB}.Release|Any CPU.ActiveCfg = Release|Any CPU
		{0289D9FE-5475-4A12-9885-BBAC85D721DB}.Release|Any CPU.Build.0 = Release|Any CPU
		{0289D9FE-5475-4A12-9885-BBAC85D721DB}.Release|x64.ActiveCfg = Release|Any CPU
		{0289D9FE-5475-4A12-9885-BBAC85D721DB}.Release|x64.Build.0 = Release|Any CPU
		{0289D9FE-5475-4A12-9885-BBAC85D721DB}.Release|x86.ActiveCfg = Release|Any CPU
		{0289D9FE-5475-4A12-9885-BBAC85D721DB}.Release|x86.Build.0 = Release|Any CPU
	EndGlobalSection
	GlobalSection(SolutionProperties) = preSolution
		HideSolutionNode = FALSE
	EndGlobalSection
	GlobalSection(NestedProjects) = preSolution
		{7796C74D-7237-4023-9BCA-D10FC3142042} = {E3E9A99C-C12A-4E84-8AFA-2201DF8ECCB9}
		{A100A694-21C0-464C-A11F-6F65374B425A} = {4DE063CC-C6BE-4030-BAA3-087857342230}
		{88FD275C-6D4A-46A7-B766-EF28C9D3C561} = {E3E9A99C-C12A-4E84-8AFA-2201DF8ECCB9}
		{1DF3FD6B-1D09-4678-A870-2815B7292D6D} = {E3E9A99C-C12A-4E84-8AFA-2201DF8ECCB9}
		{274DBAF4-FD4E-407E-B2BD-73A8E814EFD6} = {E3E9A99C-C12A-4E84-8AFA-2201DF8ECCB9}
		{A03C608A-441F-4019-95D5-0D4B9AC85861} = {E3E9A99C-C12A-4E84-8AFA-2201DF8ECCB9}
		{0289D9FE-5475-4A12-9885-BBAC85D721DB} = {E3E9A99C-C12A-4E84-8AFA-2201DF8ECCB9}
	EndGlobalSection
	GlobalSection(ExtensibilityGlobals) = postSolution
		SolutionGuid = {D2799A94-8AA1-41D8-B547-56219C23F71E}
	EndGlobalSection
EndGlobal
